
Microsoft Visual Studio Solution File, Format Version 12.00
# Visual Studio Version 17
VisualStudioVersion = 17.11.35222.181
MinimumVisualStudioVersion = 10.0.40219.1
Project("{9A19103F-16F7-4668-BE54-9A1E7A4F7556}") = "InferiorBot", "InferiorBot\InferiorBot.csproj", "{B84F22BB-C291-4385-A3D2-93DA98AC1987}"
EndProject
Project("{FAE04EC0-301F-11D3-BF4B-00C04F79EFBC}") = "Infrastructure", "Infrastructure\Infrastructure.csproj", "{6E4A8E82-3BCF-4A0E-A734-718C50242B51}"
EndProject
Global
	GlobalSection(SolutionConfigurationPlatforms) = preSolution
		Debug|Any CPU = Debug|Any CPU
		Release|Any CPU = Release|Any CPU
	EndGlobalSection
	GlobalSection(ProjectConfigurationPlatforms) = postSolution
		{B84F22BB-C291-4385-A3D2-93DA98AC1987}.Debug|Any CPU.ActiveCfg = Debug|Any CPU
		{B84F22BB-C291-4385-A3D2-93DA98AC1987}.Debug|Any CPU.Build.0 = Debug|Any CPU
		{B84F22BB-C291-4385-A3D2-93DA98AC1987}.Release|Any CPU.ActiveCfg = Release|Any CPU
		{B84F22BB-C291-4385-A3D2-93DA98AC1987}.Release|Any CPU.Build.0 = Release|Any CPU
		{6E4A8E82-3BCF-4A0E-A734-718C50242B51}.Debug|Any CPU.ActiveCfg = Debug|Any CPU
		{6E4A8E82-3BCF-4A0E-A734-718C50242B51}.Debug|Any CPU.Build.0 = Debug|Any CPU
		{6E4A8E82-3BCF-4A0E-A734-718C50242B51}.Release|Any CPU.ActiveCfg = Release|Any CPU
		{6E4A8E82-3BCF-4A0E-A734-718C50242B51}.Release|Any CPU.Build.0 = Release|Any CPU
	EndGlobalSection
	GlobalSection(SolutionProperties) = preSolution
		HideSolutionNode = FALSE
	EndGlobalSection
	GlobalSection(ExtensibilityGlobals) = postSolution
		SolutionGuid = {E58DA914-D04D-4D57-8C3C-A3425DC55391}
	EndGlobalSection
EndGlobal
